<?xml version="1.0" encoding="UTF-8"?>
<Scheme
   LastUpgradeVersion = "1500"
   version = "1.7">
   <BuildAction
      parallelizeBuildables = "YES"
      buildImplicitDependencies = "YES">
      <PreActions>
         <ExecutionAction
            ActionType = "Xcode.IDEStandardExecutionActionsCore.ExecutionActionType.ShellScriptAction">
            <ActionContent
               title = "Verify Audio Dependencies"
               scriptText = "verify_audio_dependencies.sh"
               shellToInvoke = "/bin/sh">
               <EnvironmentBuildable>
                  <BuildableReference
                     BuildableIdentifier = "primary"
                     BlueprintIdentifier = "TALDUnia"
                     BuildableName = "TALDUnia.app"
                     BlueprintName = "TALDUnia"
                     ReferencedContainer = "container:TALDUnia.xcodeproj">
                  </BuildableReference>
               </EnvironmentBuildable>
            </ActionContent>
         </ExecutionAction>
      </PreActions>
      <BuildActionEntries>
         <BuildActionEntry
            buildForTesting = "YES"
            buildForRunning = "YES"
            buildForProfiling = "YES"
            buildForArchiving = "YES"
            buildForAnalyzing = "YES">
            <BuildableReference
               BuildableIdentifier = "primary"
               BlueprintIdentifier = "TALDUnia"
               BuildableName = "TALDUnia.app"
               BlueprintName = "TALDUnia"
               ReferencedContainer = "container:TALDUnia.xcodeproj">
            </BuildableReference>
         </BuildActionEntry>
      </BuildActionEntries>
      <PostActions>
         <ExecutionAction
            ActionType = "Xcode.IDEStandardExecutionActionsCore.ExecutionActionType.ShellScriptAction">
            <ActionContent
               title = "Validate Audio Build"
               scriptText = "validate_audio_build.sh"
               shellToInvoke = "/bin/sh">
               <EnvironmentBuildable>
                  <BuildableReference
                     BuildableIdentifier = "primary"
                     BlueprintIdentifier = "TALDUnia"
                     BuildableName = "TALDUnia.app"
                     BlueprintName = "TALDUnia"
                     ReferencedContainer = "container:TALDUnia.xcodeproj">
                  </BuildableReference>
               </EnvironmentBuildable>
            </ActionContent>
         </ExecutionAction>
      </PostActions>
   </BuildAction>
   <TestAction
      buildConfiguration = "Debug"
      selectedDebuggerIdentifier = "Xcode.DebuggerFoundation.Debugger.LLDB"
      selectedLauncherIdentifier = "Xcode.DebuggerFoundation.Launcher.LLDB"
      shouldUseLaunchSchemeArgsEnv = "YES"
      codeCoverageEnabled = "YES"
      enableAddressSanitizer = "YES"
      enableThreadSanitizer = "YES">
      <TestPlans>
         <TestPlanReference
            reference = "container:AudioPerformance.xctestplan"
            default = "YES">
         </TestPlanReference>
         <TestPlanReference
            reference = "container:AudioQuality.xctestplan">
         </TestPlanReference>
      </TestPlans>
      <Testables>
         <TestableReference
            skipped = "NO"
            parallelizable = "YES"
            testExecutionOrdering = "random">
            <BuildableReference
               BuildableIdentifier = "primary"
               BlueprintIdentifier = "TALDUniaTests"
               BuildableName = "TALDUniaTests.xctest"
               BlueprintName = "TALDUniaTests"
               ReferencedContainer = "container:TALDUnia.xcodeproj">
            </BuildableReference>
         </TestableReference>
         <TestableReference
            skipped = "NO"
            parallelizable = "YES"
            testExecutionOrdering = "random">
            <BuildableReference
               BuildableIdentifier = "primary"
               BlueprintIdentifier = "TALDUniaUITests"
               BuildableName = "TALDUniaUITests.xctest"
               BlueprintName = "TALDUniaUITests"
               ReferencedContainer = "container:TALDUnia.xcodeproj">
            </BuildableReference>
         </TestableReference>
      </Testables>
   </TestAction>
   <LaunchAction
      buildConfiguration = "Debug"
      selectedDebuggerIdentifier = "Xcode.DebuggerFoundation.Debugger.LLDB"
      selectedLauncherIdentifier = "Xcode.DebuggerFoundation.Launcher.LLDB"
      launchStyle = "0"
      useCustomWorkingDirectory = "NO"
      ignoresPersistentStateOnLaunch = "NO"
      debugDocumentVersioning = "YES"
      debugServiceExtension = "internal"
      enableGPUValidationMode = "1"
      allowLocationSimulation = "NO"
      GPUFrameCaptureMode = "metal">
      <BuildableProductRunnable
         runnableDebuggingMode = "0">
         <BuildableReference
            BuildableIdentifier = "primary"
            BlueprintIdentifier = "TALDUnia"
            BuildableName = "TALDUnia.app"
            BlueprintName = "TALDUnia"
            ReferencedContainer = "container:TALDUnia.xcodeproj">
         </BuildableReference>
      </BuildableProductRunnable>
      <EnvironmentVariables>
         <EnvironmentVariable
            key = "AUDIO_BUFFER_SIZE"
            value = "256"
            isEnabled = "YES">
         </EnvironmentVariable>
         <EnvironmentVariable
            key = "SAMPLE_RATE"
            value = "192000"
            isEnabled = "YES">
         </EnvironmentVariable>
         <EnvironmentVariable
            key = "ENABLE_METAL_API"
            value = "1"
            isEnabled = "YES">
         </EnvironmentVariable>
         <EnvironmentVariable
            key = "ENABLE_ML_ACCELERATION"
            value = "1"
            isEnabled = "YES">
         </EnvironmentVariable>
         <EnvironmentVariable
            key = "AUDIO_PROCESSING_THREADS"
            value = "8"
            isEnabled = "YES">
         </EnvironmentVariable>
         <EnvironmentVariable
            key = "DSP_OPTIMIZATION_LEVEL"
            value = "aggressive"
            isEnabled = "YES">
         </EnvironmentVariable>
         <EnvironmentVariable
            key = "ENABLE_REALTIME_PRIORITY"
            value = "1"
            isEnabled = "YES">
         </EnvironmentVariable>
         <EnvironmentVariable
            key = "AUDIO_LATENCY_TARGET_MS"
            value = "10"
            isEnabled = "YES">
         </EnvironmentVariable>
      </EnvironmentVariables>
      <MacroExpansion>
         <BuildableReference
            BuildableIdentifier = "primary"
            BlueprintIdentifier = "TALDUnia"
            BuildableName = "TALDUnia.app"
            BlueprintName = "TALDUnia"
            ReferencedContainer = "container:TALDUnia.xcodeproj">
         </BuildableReference>
      </MacroExpansion>
   </LaunchAction>
   <ProfileAction
      buildConfiguration = "Release"
      shouldUseLaunchSchemeArgsEnv = "YES"
      savedToolIdentifier = ""
      useCustomWorkingDirectory = "NO"
      debugDocumentVersioning = "YES"
      enableGPUFrameCaptureMode = "metal"
      enableGPUValidation = "YES">
      <BuildableProductRunnable
         runnableDebuggingMode = "0">
         <BuildableReference
            BuildableIdentifier = "primary"
            BlueprintIdentifier = "TALDUnia"
            BuildableName = "TALDUnia.app"
            BlueprintName = "TALDUnia"
            ReferencedContainer = "container:TALDUnia.xcodeproj">
         </BuildableReference>
      </BuildableProductRunnable>
   </ProfileAction>
   <AnalyzeAction
      buildConfiguration = "Debug">
   </AnalyzeAction>
   <ArchiveAction
      buildConfiguration = "Release"
      revealArchiveInOrganizer = "YES"
      customArchiveName = "TALDUnia">
   </ArchiveAction>
</Scheme>